
Microsoft Visual Studio Solution File, Format Version 12.00
# Visual Studio Version 17
VisualStudioVersion = 17.14.36930.0
MinimumVisualStudioVersion = 10.0.40219.1
Project("{FAE04EC0-301F-11D3-BF4B-00C04F79EFBC}") = "DBGuard.Core", "DBGuard.Core\DBGuard.Core.csproj", "{1F2FCB88-4C42-4C93-9E9F-0CE3FB01AC36}"
EndProject
Project("{FAE04EC0-301F-11D3-BF4B-00C04F79EFBC}") = "DBGuard.Schema", "DBGuard.Schema\DBGuard.Schema.csproj", "{BFDF5848-A61E-460C-BF2C-75753C9C581C}"
EndProject
Project("{FAE04EC0-301F-11D3-BF4B-00C04F79EFBC}") = "DBGuard.Validation", "DBGuard.Validation\DBGuard.Validation.csproj", "{637A7C4A-9E86-427E-B00D-4A400A193380}"
EndProject
Project("{FAE04EC0-301F-11D3-BF4B-00C04F79EFBC}") = "DBGuard.SqlServer", "DBGuard.SqlServer\DBGuard.SqlServer.csproj", "{0A4BC9DA-FF22-4DA1-9B62-AB329A3DDBBD}"
EndProject
Project("{FAE04EC0-301F-11D3-BF4B-00C04F79EFBC}") = "DBGuard.Tests", "DBGuard.Tests\DBGuard.Tests.csproj", "{08887A1E-194B-4839-9401-8C687546C92E}"
EndProject
Project("{2150E333-8FDC-42A3-9474-1A3956D46DE8}") = "src", "src", "{02EA681E-C7D8-13C7-8484-4AC65E1B71E8}"
EndProject
Project("{2150E333-8FDC-42A3-9474-1A3956D46DE8}") = "tests", "tests", "{BAD6485E-CC03-44E3-B604-228EDBE0DA54}"
EndProject
Project("{FAE04EC0-301F-11D3-BF4B-00C04F79EFBC}") = "DBGuard.EFCore", "DBGuard.EFCore\DBGuard.EFCore.csproj", "{4B24BF73-1D05-4972-876E-A24362633021}"
EndProject
Project("{FAE04EC0-301F-11D3-BF4B-00C04F79EFBC}") = "DBGuard.Demo", "DBGuard.Demo\DBGuard.Demo.csproj", "{3E15DBCB-D950-479E-9F8F-C16AE0A38848}"
EndProject
Project("{2150E333-8FDC-42A3-9474-1A3956D46DE8}") = "samples", "samples", "{BB6BD649-D0B0-47BA-9FE7-631D1F608002}"
EndProject
Global
	GlobalSection(SolutionConfigurationPlatforms) = preSolution
		Debug|Any CPU = Debug|Any CPU
		Release|Any CPU = Release|Any CPU
	EndGlobalSection
	GlobalSection(ProjectConfigurationPlatforms) = postSolution
		{1F2FCB88-4C42-4C93-9E9F-0CE3FB01AC36}.Debug|Any CPU.ActiveCfg = Debug|Any CPU
		{1F2FCB88-4C42-4C93-9E9F-0CE3FB01AC36}.Debug|Any CPU.Build.0 = Debug|Any CPU
		{1F2FCB88-4C42-4C93-9E9F-0CE3FB01AC36}.Release|Any CPU.ActiveCfg = Release|Any CPU
		{1F2FCB88-4C42-4C93-9E9F-0CE3FB01AC36}.Release|Any CPU.Build.0 = Release|Any CPU
		{BFDF5848-A61E-460C-BF2C-75753C9C581C}.Debug|Any CPU.ActiveCfg = Debug|Any CPU
		{BFDF5848-A61E-460C-BF2C-75753C9C581C}.Debug|Any CPU.Build.0 = Debug|Any CPU
		{BFDF5848-A61E-460C-BF2C-75753C9C581C}.Release|Any CPU.ActiveCfg = Release|Any CPU
		{BFDF5848-A61E-460C-BF2C-75753C9C581C}.Release|Any CPU.Build.0 = Release|Any CPU
		{637A7C4A-9E86-427E-B00D-4A400A193380}.Debug|Any CPU.ActiveCfg = Debug|Any CPU
		{637A7C4A-9E86-427E-B00D-4A400A193380}.Debug|Any CPU.Build.0 = Debug|Any CPU
		{637A7C4A-9E86-427E-B00D-4A400A193380}.Release|Any CPU.ActiveCfg = Release|Any CPU
		{637A7C4A-9E86-427E-B00D-4A400A193380}.Release|Any CPU.Build.0 = Release|Any CPU
		{0A4BC9DA-FF22-4DA1-9B62-AB329A3DDBBD}.Debug|Any CPU.ActiveCfg = Debug|Any CPU
		{0A4BC9DA-FF22-4DA1-9B62-AB329A3DDBBD}.Debug|Any CPU.Build.0 = Debug|Any CPU
		{0A4BC9DA-FF22-4DA1-9B62-AB329A3DDBBD}.Release|Any CPU.ActiveCfg = Release|Any CPU
		{0A4BC9DA-FF22-4DA1-9B62-AB329A3DDBBD}.Release|Any CPU.Build.0 = Release|Any CPU
		{08887A1E-194B-4839-9401-8C687546C92E}.Debug|Any CPU.ActiveCfg = Debug|Any CPU
		{08887A1E-194B-4839-9401-8C687546C92E}.Debug|Any CPU.Build.0 = Debug|Any CPU
		{08887A1E-194B-4839-9401-8C687546C92E}.Release|Any CPU.ActiveCfg = Release|Any CPU
		{08887A1E-194B-4839-9401-8C687546C92E}.Release|Any CPU.Build.0 = Release|Any CPU
		{4B24BF73-1D05-4972-876E-A24362633021}.Debug|Any CPU.ActiveCfg = Debug|Any CPU
		{4B24BF73-1D05-4972-876E-A24362633021}.Debug|Any CPU.Build.0 = Debug|Any CPU
		{4B24BF73-1D05-4972-876E-A24362633021}.Release|Any CPU.ActiveCfg = Release|Any CPU
		{4B24BF73-1D05-4972-876E-A24362633021}.Release|Any CPU.Build.0 = Release|Any CPU
		{3E15DBCB-D950-479E-9F8F-C16AE0A38848}.Debug|Any CPU.ActiveCfg = Debug|Any CPU
		{3E15DBCB-D950-479E-9F8F-C16AE0A38848}.Debug|Any CPU.Build.0 = Debug|Any CPU
		{3E15DBCB-D950-479E-9F8F-C16AE0A38848}.Release|Any CPU.ActiveCfg = Release|Any CPU
		{3E15DBCB-D950-479E-9F8F-C16AE0A38848}.Release|Any CPU.Build.0 = Release|Any CPU
	EndGlobalSection
	GlobalSection(SolutionProperties) = preSolution
		HideSolutionNode = FALSE
	EndGlobalSection
	GlobalSection(NestedProjects) = preSolution
		{1F2FCB88-4C42-4C93-9E9F-0CE3FB01AC36} = {02EA681E-C7D8-13C7-8484-4AC65E1B71E8}
		{BFDF5848-A61E-460C-BF2C-75753C9C581C} = {02EA681E-C7D8-13C7-8484-4AC65E1B71E8}
		{637A7C4A-9E86-427E-B00D-4A400A193380} = {02EA681E-C7D8-13C7-8484-4AC65E1B71E8}
		{0A4BC9DA-FF22-4DA1-9B62-AB329A3DDBBD} = {02EA681E-C7D8-13C7-8484-4AC65E1B71E8}
		{08887A1E-194B-4839-9401-8C687546C92E} = {BAD6485E-CC03-44E3-B604-228EDBE0DA54}
		{4B24BF73-1D05-4972-876E-A24362633021} = {02EA681E-C7D8-13C7-8484-4AC65E1B71E8}
		{3E15DBCB-D950-479E-9F8F-C16AE0A38848} = {BB6BD649-D0B0-47BA-9FE7-631D1F608002}
	EndGlobalSection
	GlobalSection(ExtensibilityGlobals) = postSolution
		SolutionGuid = {B4938221-B0B3-4D1D-9909-D8BF2B4FDFCE}
	EndGlobalSection
EndGlobal
